
Microsoft Visual Studio Solution File, Format Version 12.00
# Visual Studio Version 17
VisualStudioVersion = 17.11.35327.3
MinimumVisualStudioVersion = 10.0.40219.1
Project("{2150E333-8FDC-42A3-9474-1A3956D46DE8}") = "Task7", "Task7", "{85EA72CB-A55D-4C2A-A9E8-97DD0AD6E586}"
EndProject
Project("{9A19103F-16F7-4668-BE54-9A1E7A4F7556}") = "Tyuiu.KhrapkoDD.Sprint4.Task7.V4.Lib", "Tyuiu.KhrapkoDD.Sprint4.Task7.V4.Lib\Tyuiu.KhrapkoDD.Sprint4.Task7.V4.Lib.csproj", "{64DD7E78-62EF-44D5-8F01-3D03BF4FD3A6}"
EndProject
Project("{9A19103F-16F7-4668-BE54-9A1E7A4F7556}") = "Tyuiu.KhrapkoDD.Sprint4.Task7.V4", "Tyuiu.KhrapkoDD.Sprint4.Task7.V4\Tyuiu.KhrapkoDD.Sprint4.Task7.V4.csproj", "{2241815D-B6D6-468C-BB10-9C5B683C96FE}"
EndProject
Project("{9A19103F-16F7-4668-BE54-9A1E7A4F7556}") = "Tyuiu.KhrapkoDD.Sprint4.Task7.V4.Test", "Tyuiu.KhrapkoDD.Sprint4.Task7.V4.Test\Tyuiu.KhrapkoDD.Sprint4.Task7.V4.Test.csproj", "{CD23219B-38CF-48A1-933C-6B70994A960E}"
EndProject
Project("{2150E333-8FDC-42A3-9474-1A3956D46DE8}") = "Task0", "Task0", "{D404C003-D274-4FCD-8275-A2A5F227511D}"
EndProject
Project("{FAE04EC0-301F-11D3-BF4B-00C04F79EFBC}") = "Tyuiu.KhrapkoDD.Sprint4.Task0.V14.Lib", "Tyuiu.KhrapkoDD.Sprint4.Task0.V14.Lib\Tyuiu.KhrapkoDD.Sprint4.Task0.V14.Lib.csproj", "{6A9A737E-54C4-45ED-90FE-730FA7CEC536}"
EndProject
Project("{FAE04EC0-301F-11D3-BF4B-00C04F79EFBC}") = "Tyuiu.KhrapkoDD.Sprint4.Task0.V14.Test", "Tyuiu.KhrapkoDD.Sprint4.Task0.V14.Test\Tyuiu.KhrapkoDD.Sprint4.Task0.V14.Test.csproj", "{A83A830A-1916-4C58-88F8-24344CC5D6AB}"
EndProject
Project("{FAE04EC0-301F-11D3-BF4B-00C04F79EFBC}") = "Tyuiu.KhrapkoDD.Sprint4.Task0.V14", "Tyuiu.KhrapkoDD.Sprint4.Task0.V14\Tyuiu.KhrapkoDD.Sprint4.Task0.V14.csproj", "{016671FF-1103-4742-AD27-E83D2568A9FC}"
EndProject
Global
	GlobalSection(SolutionConfigurationPlatforms) = preSolution
		Debug|Any CPU = Debug|Any CPU
		Release|Any CPU = Release|Any CPU
	EndGlobalSection
	GlobalSection(ProjectConfigurationPlatforms) = postSolution
		{64DD7E78-62EF-44D5-8F01-3D03BF4FD3A6}.Debug|Any CPU.ActiveCfg = Debug|Any CPU
		{64DD7E78-62EF-44D5-8F01-3D03BF4FD3A6}.Debug|Any CPU.Build.0 = Debug|Any CPU
		{64DD7E78-62EF-44D5-8F01-3D03BF4FD3A6}.Release|Any CPU.ActiveCfg = Release|Any CPU
		{64DD7E78-62EF-44D5-8F01-3D03BF4FD3A6}.Release|Any CPU.Build.0 = Release|Any CPU
		{2241815D-B6D6-468C-BB10-9C5B683C96FE}.Debug|Any CPU.ActiveCfg = Debug|Any CPU
		{2241815D-B6D6-468C-BB10-9C5B683C96FE}.Debug|Any CPU.Build.0 = Debug|Any CPU
		{2241815D-B6D6-468C-BB10-9C5B683C96FE}.Release|Any CPU.ActiveCfg = Release|Any CPU
		{2241815D-B6D6-468C-BB10-9C5B683C96FE}.Release|Any CPU.Build.0 = Release|Any CPU
		{CD23219B-38CF-48A1-933C-6B70994A960E}.Debug|Any CPU.ActiveCfg = Debug|Any CPU
		{CD23219B-38CF-48A1-933C-6B70994A960E}.Debug|Any CPU.Build.0 = Debug|Any CPU
		{CD23219B-38CF-48A1-933C-6B70994A960E}.Release|Any CPU.ActiveCfg = Release|Any CPU
		{CD23219B-38CF-48A1-933C-6B70994A960E}.Release|Any CPU.Build.0 = Release|Any CPU
		{6A9A737E-54C4-45ED-90FE-730FA7CEC536}.Debug|Any CPU.ActiveCfg = Debug|Any CPU
		{6A9A737E-54C4-45ED-90FE-730FA7CEC536}.Debug|Any CPU.Build.0 = Debug|Any CPU
		{6A9A737E-54C4-45ED-90FE-730FA7CEC536}.Release|Any CPU.ActiveCfg = Release|Any CPU
		{6A9A737E-54C4-45ED-90FE-730FA7CEC536}.Release|Any CPU.Build.0 = Release|Any CPU
		{A83A830A-1916-4C58-88F8-24344CC5D6AB}.Debug|Any CPU.ActiveCfg = Debug|Any CPU
		{A83A830A-1916-4C58-88F8-24344CC5D6AB}.Debug|Any CPU.Build.0 = Debug|Any CPU
		{A83A830A-1916-4C58-88F8-24344CC5D6AB}.Release|Any CPU.ActiveCfg = Release|Any CPU
		{A83A830A-1916-4C58-88F8-24344CC5D6AB}.Release|Any CPU.Build.0 = Release|Any CPU
		{016671FF-1103-4742-AD27-E83D2568A9FC}.Debug|Any CPU.ActiveCfg = Debug|Any CPU
		{016671FF-1103-4742-AD27-E83D2568A9FC}.Debug|Any CPU.Build.0 = Debug|Any CPU
		{016671FF-1103-4742-AD27-E83D2568A9FC}.Release|Any CPU.ActiveCfg = Release|Any CPU
		{016671FF-1103-4742-AD27-E83D2568A9FC}.Release|Any CPU.Build.0 = Release|Any CPU
	EndGlobalSection
	GlobalSection(SolutionProperties) = preSolution
		HideSolutionNode = FALSE
	EndGlobalSection
	GlobalSection(NestedProjects) = preSolution
		{64DD7E78-62EF-44D5-8F01-3D03BF4FD3A6} = {85EA72CB-A55D-4C2A-A9E8-97DD0AD6E586}
		{2241815D-B6D6-468C-BB10-9C5B683C96FE} = {85EA72CB-A55D-4C2A-A9E8-97DD0AD6E586}
		{CD23219B-38CF-48A1-933C-6B70994A960E} = {85EA72CB-A55D-4C2A-A9E8-97DD0AD6E586}
		{6A9A737E-54C4-45ED-90FE-730FA7CEC536} = {D404C003-D274-4FCD-8275-A2A5F227511D}
		{A83A830A-1916-4C58-88F8-24344CC5D6AB} = {D404C003-D274-4FCD-8275-A2A5F227511D}
		{016671FF-1103-4742-AD27-E83D2568A9FC} = {D404C003-D274-4FCD-8275-A2A5F227511D}
	EndGlobalSection
	GlobalSection(ExtensibilityGlobals) = postSolution
		SolutionGuid = {12FA328E-6336-4FC0-8A62-6C4A1ABFF49A}
	EndGlobalSection
EndGlobal
